
Microsoft Visual Studio Solution File, Format Version 12.00
# Visual Studio Version 16
VisualStudioVersion = 16.0.36422.26
MinimumVisualStudioVersion = 10.0.40219.1
Project("{8BC9CEB8-8B4A-11D0-8D11-00A0C91BC942}") = "Zadatak 1", "Zadatak 1.vcxproj", "{3AA91C27-6AE6-4EF4-A5FB-53D344A73ABB}"
EndProject
Global
	GlobalSection(SolutionConfigurationPlatforms) = preSolution
		Debug|x64 = Debug|x64
		Debug|x86 = Debug|x86
		Release|x64 = Release|x64
		Release|x86 = Release|x86
	EndGlobalSection
	GlobalSection(ProjectConfigurationPlatforms) = postSolution
		{3AA91C27-6AE6-4EF4-A5FB-53D344A73ABB}.Debug|x64.ActiveCfg = Debug|x64
		{3AA91C27-6AE6-4EF4-A5FB-53D344A73ABB}.Debug|x64.Build.0 = Debug|x64
		{3AA91C27-6AE6-4EF4-A5FB-53D344A73ABB}.Debug|x86.ActiveCfg = Debug|Win32
		{3AA91C27-6AE6-4EF4-A5FB-53D344A73ABB}.Debug|x86.Build.0 = Debug|Win32
		{3AA91C27-6AE6-4EF4-A5FB-53D344A73ABB}.Release|x64.ActiveCfg = Release|x64
		{3AA91C27-6AE6-4EF4-A5FB-53D344A73ABB}.Release|x64.Build.0 = Release|x64
		{3AA91C27-6AE6-4EF4-A5FB-53D344A73ABB}.Release|x86.ActiveCfg = Release|Win32
		{3AA91C27-6AE6-4EF4-A5FB-53D344A73ABB}.Release|x86.Build.0 = Release|Win32
	EndGlobalSection
	GlobalSection(SolutionProperties) = preSolution
		HideSolutionNode = FALSE
	EndGlobalSection
	GlobalSection(ExtensibilityGlobals) = postSolution
		SolutionGuid = {F5E5D32B-A1D6-4A56-8CFD-EE635BE69AC8}
	EndGlobalSection
EndGlobal
